// !$*UTF8*$!
{
	archiveVersion = 1;
	classes = {
	};
	objectVersion = 46;
	objects = {

/* Begin PBXBuildFile section */
		964790DF1BC30FF800C56D59 /* AppDelegate.swift in Sources */ = {isa = PBXBuildFile; fileRef = 964790DE1BC30FF800C56D59 /* AppDelegate.swift */; };
		964790E11BC30FF800C56D59 /* ViewController.swift in Sources */ = {isa = PBXBuildFile; fileRef = 964790E01BC30FF800C56D59 /* ViewController.swift */; };
		964790E41BC30FF800C56D59 /* Main.storyboard in Resources */ = {isa = PBXBuildFile; fileRef = 964790E21BC30FF800C56D59 /* Main.storyboard */; };
		964790E61BC30FF800C56D59 /* Assets.xcassets in Resources */ = {isa = PBXBuildFile; fileRef = 964790E51BC30FF800C56D59 /* Assets.xcassets */; };
		964790E91BC30FF800C56D59 /* LaunchScreen.storyboard in Resources */ = {isa = PBXBuildFile; fileRef = 964790E71BC30FF800C56D59 /* LaunchScreen.storyboard */; };
		964790F11BC3107100C56D59 /* StateMachine.swift in Sources */ = {isa = PBXBuildFile; fileRef = 964790F01BC3107100C56D59 /* StateMachine.swift */; settings = {ASSET_TAGS = (); }; };
/* End PBXBuildFile section */

/* Begin PBXFileReference section */
		964790DB1BC30FF800C56D59 /* SCAStateMachineExampleApp.app */ = {isa = PBXFileReference; explicitFileType = wrapper.application; includeInIndex = 0; path = SCAStateMachineExampleApp.app; sourceTree = BUILT_PRODUCTS_DIR; };
		964790DE1BC30FF800C56D59 /* AppDelegate.swift */ = {isa = PBXFileReference; lastKnownFileType = sourcecode.swift; path = AppDelegate.swift; sourceTree = "<group>"; };
		964790E01BC30FF800C56D59 /* ViewController.swift */ = {isa = PBXFileReference; lastKnownFileType = sourcecode.swift; path = ViewController.swift; sourceTree = "<group>"; };
		964790E31BC30FF800C56D59 /* Base */ = {isa = PBXFileReference; lastKnownFileType = file.storyboard; name = Base; path = Base.lproj/Main.storyboard; sourceTree = "<group>"; };
		964790E51BC30FF800C56D59 /* Assets.xcassets */ = {isa = PBXFileReference; lastKnownFileType = folder.assetcatalog; path = Assets.xcassets; sourceTree = "<group>"; };
		964790E81BC30FF800C56D59 /* Base */ = {isa = PBXFileReference; lastKnownFileType = file.storyboard; name = Base; path = Base.lproj/LaunchScreen.storyboard; sourceTree = "<group>"; };
		964790EA1BC30FF800C56D59 /* Info.plist */ = {isa = PBXFileReference; lastKnownFileType = text.plist.xml; path = Info.plist; sourceTree = "<group>"; };
		964790F01BC3107100C56D59 /* StateMachine.swift */ = {isa = PBXFileReference; fileEncoding = 4; lastKnownFileType = sourcecode.swift; name = StateMachine.swift; path = ../../../Source/StateMachine.swift; sourceTree = "<group>"; };
/* End PBXFileReference section */

/* Begin PBXFrameworksBuildPhase section */
		964790D81BC30FF800C56D59 /* Frameworks */ = {
			isa = PBXFrameworksBuildPhase;
			buildActionMask = 2147483647;
			files = (
			);
			runOnlyForDeploymentPostprocessing = 0;
		};
/* End PBXFrameworksBuildPhase section */

/* Begin PBXGroup section */
		964790D21BC30FF800C56D59 = {
			isa = PBXGroup;
			children = (
				964790DD1BC30FF800C56D59 /* SCAStateMachineExampleApp */,
				964790DC1BC30FF800C56D59 /* Products */,
			);
			sourceTree = "<group>";
		};
		964790DC1BC30FF800C56D59 /* Products */ = {
			isa = PBXGroup;
			children = (
				964790DB1BC30FF800C56D59 /* SCAStateMachineExampleApp.app */,
			);
			name = Products;
			sourceTree = "<group>";
		};
		964790DD1BC30FF800C56D59 /* SCAStateMachineExampleApp */ = {
			isa = PBXGroup;
			children = (
				964790F01BC3107100C56D59 /* StateMachine.swift */,
				964790DE1BC30FF800C56D59 /* AppDelegate.swift */,
				964790E01BC30FF800C56D59 /* ViewController.swift */,
				964790E21BC30FF800C56D59 /* Main.storyboard */,
				964790E51BC30FF800C56D59 /* Assets.xcassets */,
				964790E71BC30FF800C56D59 /* LaunchScreen.storyboard */,
				964790EA1BC30FF800C56D59 /* Info.plist */,
			);
			path = SCAStateMachineExampleApp;
			sourceTree = "<group>";
		};
/* End PBXGroup section */

/* Begin PBXNativeTarget section */
		964790DA1BC30FF800C56D59 /* SCAStateMachineExampleApp */ = {
			isa = PBXNativeTarget;
			buildConfigurationList = 964790ED1BC30FF800C56D59 /* Build configuration list for PBXNativeTarget "SCAStateMachineExampleApp" */;
			buildPhases = (
				964790D71BC30FF800C56D59 /* Sources */,
				964790D81BC30FF800C56D59 /* Frameworks */,
				964790D91BC30FF800C56D59 /* Resources */,
			);
			buildRules = (
			);
			dependencies = (
			);
			name = SCAStateMachineExampleApp;
			productName = SCAStateMachineExampleApp;
			productReference = 964790DB1BC30FF800C56D59 /* SCAStateMachineExampleApp.app */;
			productType = "com.apple.product-type.application";
		};
/* End PBXNativeTarget section */

/* Begin PBXProject section */
		964790D31BC30FF800C56D59 /* Project object */ = {
			isa = PBXProject;
			attributes = {
				LastUpgradeCheck = 0700;
				ORGANIZATIONNAME = seancatkinson;
				TargetAttributes = {
					964790DA1BC30FF800C56D59 = {
						CreatedOnToolsVersion = 7.0.1;
						DevelopmentTeam = 994W3RC44F;
					};
				};
			};
			buildConfigurationList = 964790D61BC30FF800C56D59 /* Build configuration list for PBXProject "SCAStateMachineExampleApp" */;
			compatibilityVersion = "Xcode 3.2";
			developmentRegion = English;
			hasScannedForEncodings = 0;
			knownRegions = (
				en,
				Base,
			);
			mainGroup = 964790D21BC30FF800C56D59;
			productRefGroup = 964790DC1BC30FF800C56D59 /* Products */;
			projectDirPath = "";
			projectRoot = "";
			targets = (
				964790DA1BC30FF800C56D59 /* SCAStateMachineExampleApp */,
			);
		};
/* End PBXProject section */

/* Begin PBXResourcesBuildPhase section */
		964790D91BC30FF800C56D59 /* Resources */ = {
			isa = PBXResourcesBuildPhase;
			buildActionMask = 2147483647;
			files = (
				964790E91BC30FF800C56D59 /* LaunchScreen.storyboard in Resources */,
				964790E61BC30FF800C56D59 /* Assets.xcassets in Resources */,
				964790E41BC30FF800C56D59 /* Main.storyboard in Resources */,
			);
			runOnlyForDeploymentPostprocessing = 0;
		};
/* End PBXResourcesBuildPhase section */

/* Begin PBXSourcesBuildPhase section */
		964790D71BC30FF800C56D59 /* Sources */ = {
			isa = PBXSourcesBuildPhase;
			buildActionMask = 2147483647;
			files = (
				964790E11BC30FF800C56D59 /* ViewController.swift in Sources */,
				964790F11BC3107100C56D59 /* StateMachine.swift in Sources */,
				964790DF1BC30FF800C56D59 /* AppDelegate.swift in Sources */,
			);
			runOnlyForDeploymentPostprocessing = 0;
		};
/* End PBXSourcesBuildPhase section */

/* Begin PBXVariantGroup section */
		964790E21BC30FF800C56D59 /* Main.storyboard */ = {
			isa = PBXVariantGroup;
			children = (
				964790E31BC30FF800C56D59 /* Base */,
			);
			name = Main.storyboard;
			sourceTree = "<group>";
		};
		964790E71BC30FF800C56D59 /* LaunchScreen.storyboard */ = {
			isa = PBXVariantGroup;
			children = (
				964790E81BC30FF800C56D59 /* Base */,
			);
			name = LaunchScreen.storyboard;
			sourceTree = "<group>";
		};
/* End PBXVariantGroup section */

/* Begin XCBuildConfiguration section */
		964790EB1BC30FF800C56D59 /* Debug */ = {
			isa = XCBuildConfiguration;
			buildSettings = {
				ALWAYS_SEARCH_USER_PATHS = NO;
				CLANG_CXX_LANGUAGE_STANDARD = "gnu++0x";
				CLANG_CXX_LIBRARY = "libc++";
				CLANG_ENABLE_MODULES = YES;
				CLANG_ENABLE_OBJC_ARC = YES;
				CLANG_WARN_BOOL_CONVERSION = YES;
				CLANG_WARN_CONSTANT_CONVERSION = YES;
				CLANG_WARN_DIRECT_OBJC_ISA_USAGE = YES_ERROR;
				CLANG_WARN_EMPTY_BODY = YES;
				CLANG_WARN_ENUM_CONVERSION = YES;
				CLANG_WARN_INT_CONVERSION = YES;
				CLANG_WARN_OBJC_ROOT_CLASS = YES_ERROR;
				CLANG_WARN_UNREACHABLE_CODE = YES;
				CLANG_WARN__DUPLICATE_METHOD_MATCH = YES;
				"CODE_SIGN_IDENTITY[sdk=iphoneos*]" = "iPhone Developer";
				COPY_PHASE_STRIP = NO;
				DEBUG_INFORMATION_FORMAT = dwarf;
				ENABLE_STRICT_OBJC_MSGSEND = YES;
				ENABLE_TESTABILITY = YES;
				GCC_C_LANGUAGE_STANDARD = gnu99;
				GCC_DYNAMIC_NO_PIC = NO;
				GCC_NO_COMMON_BLOCKS = YES;
				GCC_OPTIMIZATION_LEVEL = 0;
				GCC_PREPROCESSOR_DEFINITIONS = (
					"DEBUG=1",
					"$(inherited)",
				);
				GCC_WARN_64_TO_32_BIT_CONVERSION = YES;
				GCC_WARN_ABOUT_RETURN_TYPE = YES_ERROR;
				GCC_WARN_UNDECLARED_SELECTOR = YES;
				GCC_WARN_UNINITIALIZED_AUTOS = YES_AGGRESSIVE;
				GCC_WARN_UNUSED_FUNCTION = YES;
				GCC_WARN_UNUSED_VARIABLE = YES;
				IPHONEOS_DEPLOYMENT_TARGET = 9.0;
				MTL_ENABLE_DEBUG_INFO = YES;
				ONLY_ACTIVE_ARCH = YES;
				SDKROOT = iphoneos;
				SWIFT_OPTIMIZATION_LEVEL = "-Onone";
			};
			name = Debug;
		};
		964790EC1BC30FF800C56D59 /* Release */ = {
			isa = XCBuildConfiguration;
			buildSettings = {
				ALWAYS_SEARCH_USER_PATHS = NO;
				CLANG_CXX_LANGUAGE_STANDARD = "gnu++0x";
				CLANG_CXX_LIBRARY = "libc++";
				CLANG_ENABLE_MODULES = YES;
				CLANG_ENABLE_OBJC_ARC = YES;
				CLANG_WARN_BOOL_CONVERSION = YES;
				CLANG_WARN_CONSTANT_CONVERSION = YES;
				CLANG_WARN_DIRECT_OBJC_ISA_USAGE = YES_ERROR;
				CLANG_WARN_EMPTY_BODY = YES;
				CLANG_WARN_ENUM_CONVERSION = YES;
				CLANG_WARN_INT_CONVERSION = YES;
				CLANG_WARN_OBJC_ROOT_CLASS = YES_ERROR;
				CLANG_WARN_UNREACHABLE_CODE = YES;
				CLANG_WARN__DUPLICATE_METHOD_MATCH = YES;
				"CODE_SIGN_IDENTITY[sdk=iphoneos*]" = "iPhone Developer";
				COPY_PHASE_STRIP = NO;
				DEBUG_INFORMATION_FORMAT = "dwarf-with-dsym";
				ENABLE_NS_ASSERTIONS = NO;
				ENABLE_STRICT_OBJC_MSGSEND = YES;
				GCC_C_LANGUAGE_STANDARD = gnu99;
				GCC_NO_COMMON_BLOCKS = YES;
				GCC_WARN_64_TO_32_BIT_CONVERSION = YES;
				GCC_WARN_ABOUT_RETURN_TYPE = YES_ERROR;
				GCC_WARN_UNDECLARED_SELECTOR = YES;
				GCC_WARN_UNINITIALIZED_AUTOS = YES_AGGRESSIVE;
				GCC_WARN_UNUSED_FUNCTION = YES;
				GCC_WARN_UNUSED_VARIABLE = YES;
				IPHONEOS_DEPLOYMENT_TARGET = 9.0;
				MTL_ENABLE_DEBUG_INFO = NO;
				SDKROOT = iphoneos;
				VALIDATE_PRODUCT = YES;
			};
			name = Release;
		};
		964790EE1BC30FF800C56D59 /* Debug */ = {
			isa = XCBuildConfiguration;
			buildSettings = {
				ASSETCATALOG_COMPILER_APPICON_NAME = AppIcon;
				INFOPLIST_FILE = SCAStateMachineExampleApp/Info.plist;
				LD_RUNPATH_SEARCH_PATHS = "$(inherited) @executable_path/Frameworks";
				PRODUCT_BUNDLE_IDENTIFIER = com.seancatkinson.SCAStateMachineExampleApp;
				PRODUCT_NAME = "$(TARGET_NAME)";
			};
			name = Debug;
		};
		964790EF1BC30FF800C56D59 /* Release */ = {
			isa = XCBuildConfiguration;
			buildSettings = {
				ASSETCATALOG_COMPILER_APPICON_NAME = AppIcon;
				INFOPLIST_FILE = SCAStateMachineExampleApp/Info.plist;
				LD_RUNPATH_SEARCH_PATHS = "$(inherited) @executable_path/Frameworks";
				PRODUCT_BUNDLE_IDENTIFIER = com.seancatkinson.SCAStateMachineExampleApp;
				PRODUCT_NAME = "$(TARGET_NAME)";
			};
			name = Release;
		};
/* End XCBuildConfiguration section */

/* Begin XCConfigurationList section */
		964790D61BC30FF800C56D59 /* Build configuration list for PBXProject "SCAStateMachineExampleApp" */ = {
			isa = XCConfigurationList;
			buildConfigurations = (
				964790EB1BC30FF800C56D59 /* Debug */,
				964790EC1BC30FF800C56D59 /* Release */,
			);
			defaultConfigurationIsVisible = 0;
			defaultConfigurationName = Release;
		};
		964790ED1BC30FF800C56D59 /* Build configuration list for PBXNativeTarget "SCAStateMachineExampleApp" */ = {
			isa = XCConfigurationList;
			buildConfigurations = (
				964790EE1BC30FF800C56D59 /* Debug */,
				964790EF1BC30FF800C56D59 /* Release */,
			);
			defaultConfigurationIsVisible = 0;
			defaultConfigurationName = Release;
		};
/* End XCConfigurationList section */
	};
	rootObject = 964790D31BC30FF800C56D59 /* Project object */;
}
